
Microsoft Visual Studio Solution File, Format Version 12.00
# Visual Studio Version 16
VisualStudioVersion = 16.0.31229.75
MinimumVisualStudioVersion = 10.0.40219.1
Project("{FAE04EC0-301F-11D3-BF4B-00C04F79EFBC}") = "Laba4.1", "Laba4.1\Laba4.1.csproj", "{ABF58D99-CA20-4245-942C-D7B495443277}"
EndProject
Global
	GlobalSection(SolutionConfigurationPlatforms) = preSolution
		Debug|Any CPU = Debug|Any CPU
		Release|Any CPU = Release|Any CPU
	EndGlobalSection
	GlobalSection(ProjectConfigurationPlatforms) = postSolution
		{ABF58D99-CA20-4245-942C-D7B495443277}.Debug|Any CPU.ActiveCfg = Debug|Any CPU
		{ABF58D99-CA20-4245-942C-D7B495443277}.Debug|Any CPU.Build.0 = Debug|Any CPU
		{ABF58D99-CA20-4245-942C-D7B495443277}.Release|Any CPU.ActiveCfg = Release|Any CPU
		{ABF58D99-CA20-4245-942C-D7B495443277}.Release|Any CPU.Build.0 = Release|Any CPU
	EndGlobalSection
	GlobalSection(SolutionProperties) = preSolution
		HideSolutionNode = FALSE
	EndGlobalSection
	GlobalSection(ExtensibilityGlobals) = postSolution
		SolutionGuid = {19103A80-EF16-4697-8BB3-078F39592CC9}
	EndGlobalSection
EndGlobal
